
Microsoft Visual Studio Solution File, Format Version 12.00
# Visual Studio Version 17
VisualStudioVersion = 17.5.33530.505
MinimumVisualStudioVersion = 10.0.40219.1
Project("{FAE04EC0-301F-11D3-BF4B-00C04F79EFBC}") = "Poc.FirmwareUploadOutbox", "Poc.FirmwareUploadOutbox\Poc.FirmwareUploadOutbox.csproj", "{64ABA49E-5EA7-4414-929B-AF6339F85FFE}"
EndProject
Global
	GlobalSection(SolutionConfigurationPlatforms) = preSolution
		Debug|Any CPU = Debug|Any CPU
		Release|Any CPU = Release|Any CPU
	EndGlobalSection
	GlobalSection(ProjectConfigurationPlatforms) = postSolution
		{64ABA49E-5EA7-4414-929B-AF6339F85FFE}.Debug|Any CPU.ActiveCfg = Debug|Any CPU
		{64ABA49E-5EA7-4414-929B-AF6339F85FFE}.Debug|Any CPU.Build.0 = Debug|Any CPU
		{64ABA49E-5EA7-4414-929B-AF6339F85FFE}.Release|Any CPU.ActiveCfg = Release|Any CPU
		{64ABA49E-5EA7-4414-929B-AF6339F85FFE}.Release|Any CPU.Build.0 = Release|Any CPU
	EndGlobalSection
	GlobalSection(SolutionProperties) = preSolution
		HideSolutionNode = FALSE
	EndGlobalSection
	GlobalSection(ExtensibilityGlobals) = postSolution
		SolutionGuid = {5E282AD9-39B9-46C6-B10E-95CB09E16C0A}
	EndGlobalSection
EndGlobal
